
Microsoft Visual Studio Solution File, Format Version 12.00
# Visual Studio Version 17
VisualStudioVersion = 17.9.34723.18
MinimumVisualStudioVersion = 10.0.40219.1
Project("{FAE04EC0-301F-11D3-BF4B-00C04F79EFBC}") = "MagicPartik4C#", "MagicPartik4C#\MagicPartik4C#.csproj", "{B314ECFF-E70C-4489-9030-5787DBACF0C1}"
EndProject
Global
	GlobalSection(SolutionConfigurationPlatforms) = preSolution
		Debug|Any CPU = Debug|Any CPU
		Release|Any CPU = Release|Any CPU
	EndGlobalSection
	GlobalSection(ProjectConfigurationPlatforms) = postSolution
		{B314ECFF-E70C-4489-9030-5787DBACF0C1}.Debug|Any CPU.ActiveCfg = Debug|Any CPU
		{B314ECFF-E70C-4489-9030-5787DBACF0C1}.Debug|Any CPU.Build.0 = Debug|Any CPU
		{B314ECFF-E70C-4489-9030-5787DBACF0C1}.Release|Any CPU.ActiveCfg = Release|Any CPU
		{B314ECFF-E70C-4489-9030-5787DBACF0C1}.Release|Any CPU.Build.0 = Release|Any CPU
	EndGlobalSection
	GlobalSection(SolutionProperties) = preSolution
		HideSolutionNode = FALSE
	EndGlobalSection
	GlobalSection(ExtensibilityGlobals) = postSolution
		SolutionGuid = {7EC28413-4B26-43FF-8361-7F0D51848F92}
	EndGlobalSection
EndGlobal
